
Microsoft Visual Studio Solution File, Format Version 12.00
# Visual Studio 15
VisualStudioVersion = 15.0.28010.2036
MinimumVisualStudioVersion = 10.0.40219.1
Project("{FAE04EC0-301F-11D3-BF4B-00C04F79EFBC}") = "SIS.HTTP", "SIS.HTTP\SIS.HTTP.csproj", "{7EDDF5A9-2F6D-4B77-999E-5956CC7BF0E9}"
EndProject
Project("{FAE04EC0-301F-11D3-BF4B-00C04F79EFBC}") = "SIS.WebServer", "SIS.WebServer\SIS.WebServer.csproj", "{6C7D6124-7C9C-4FAE-8F2C-6453CC75F338}"
EndProject
Project("{FAE04EC0-301F-11D3-BF4B-00C04F79EFBC}") = "SIS.Demo", "SIS.Demo\SIS.Demo.csproj", "{FBF307F4-CDB5-42EE-86CC-B99006D37A53}"
EndProject
Global
	GlobalSection(SolutionConfigurationPlatforms) = preSolution
		Debug|Any CPU = Debug|Any CPU
		Release|Any CPU = Release|Any CPU
	EndGlobalSection
	GlobalSection(ProjectConfigurationPlatforms) = postSolution
		{7EDDF5A9-2F6D-4B77-999E-5956CC7BF0E9}.Debug|Any CPU.ActiveCfg = Debug|Any CPU
		{7EDDF5A9-2F6D-4B77-999E-5956CC7BF0E9}.Debug|Any CPU.Build.0 = Debug|Any CPU
		{7EDDF5A9-2F6D-4B77-999E-5956CC7BF0E9}.Release|Any CPU.ActiveCfg = Release|Any CPU
		{7EDDF5A9-2F6D-4B77-999E-5956CC7BF0E9}.Release|Any CPU.Build.0 = Release|Any CPU
		{6C7D6124-7C9C-4FAE-8F2C-6453CC75F338}.Debug|Any CPU.ActiveCfg = Debug|Any CPU
		{6C7D6124-7C9C-4FAE-8F2C-6453CC75F338}.Debug|Any CPU.Build.0 = Debug|Any CPU
		{6C7D6124-7C9C-4FAE-8F2C-6453CC75F338}.Release|Any CPU.ActiveCfg = Release|Any CPU
		{6C7D6124-7C9C-4FAE-8F2C-6453CC75F338}.Release|Any CPU.Build.0 = Release|Any CPU
		{FBF307F4-CDB5-42EE-86CC-B99006D37A53}.Debug|Any CPU.ActiveCfg = Debug|Any CPU
		{FBF307F4-CDB5-42EE-86CC-B99006D37A53}.Debug|Any CPU.Build.0 = Debug|Any CPU
		{FBF307F4-CDB5-42EE-86CC-B99006D37A53}.Release|Any CPU.ActiveCfg = Release|Any CPU
		{FBF307F4-CDB5-42EE-86CC-B99006D37A53}.Release|Any CPU.Build.0 = Release|Any CPU
	EndGlobalSection
	GlobalSection(SolutionProperties) = preSolution
		HideSolutionNode = FALSE
	EndGlobalSection
	GlobalSection(ExtensibilityGlobals) = postSolution
		SolutionGuid = {52471AB2-CD49-4E10-A55D-77CABA60C043}
	EndGlobalSection
EndGlobal
